
Microsoft Visual Studio Solution File, Format Version 12.00
# Visual Studio Version 17
VisualStudioVersion = 17.2.32630.192
MinimumVisualStudioVersion = 10.0.40219.1
Project("{9A19103F-16F7-4668-BE54-9A1E7A4F7556}") = "R5T.Tamchi", "R5T.Tamchi\R5T.Tamchi.csproj", "{2564AEE4-6729-442E-9D90-66548EC362CB}"
EndProject
Project("{2150E333-8FDC-42A3-9474-1A3956D46DE8}") = "_Dependencies", "_Dependencies", "{77765109-8C15-4ACF-8B24-8B167F6E06F6}"
EndProject
Project("{9A19103F-16F7-4668-BE54-9A1E7A4F7556}") = "R5T.Harstad", "..\..\R5T.Harstad\source\R5T.Harstad\R5T.Harstad.csproj", "{07C70F5A-D041-48AE-BB85-20487A3EBCBF}"
EndProject
Project("{9A19103F-16F7-4668-BE54-9A1E7A4F7556}") = "R5T.Tromso.Host", "..\..\R5T.Tromso.Host\source\R5T.Tromso.Host\R5T.Tromso.Host.csproj", "{71B78EC5-14B2-4486-A25C-1FAA13ECC721}"
EndProject
Project("{9A19103F-16F7-4668-BE54-9A1E7A4F7556}") = "R5T.Tromso.Startup", "..\..\R5T.Tromso.Startup\source\R5T.Tromso.Startup\R5T.Tromso.Startup.csproj", "{74E39C21-1CCA-4621-A529-12A933C49A9F}"
EndProject
Project("{9A19103F-16F7-4668-BE54-9A1E7A4F7556}") = "R5T.Exeter", "..\..\R5T.Exeter\source\R5T.Exeter\R5T.Exeter.csproj", "{F861CB5A-C6CC-4E86-B478-30072D6CE2E9}"
EndProject
Project("{9A19103F-16F7-4668-BE54-9A1E7A4F7556}") = "R5T.Chamavia.Extensions", "..\..\R5T.Chamavia.Extensions\source\R5T.Chamavia.Extensions\R5T.Chamavia.Extensions.csproj", "{52E9ADD0-AFA6-4F40-AFAA-6C75D7138CAD}"
EndProject
Project("{9A19103F-16F7-4668-BE54-9A1E7A4F7556}") = "R5T.Chamavia", "..\..\R5T.Chamavia\source\R5T.Chamavia\R5T.Chamavia.csproj", "{5174107E-0C05-48D4-92C3-CFC2453C6917}"
EndProject
Project("{9A19103F-16F7-4668-BE54-9A1E7A4F7556}") = "R5T.Dacia.Extensions", "..\..\R5T.Dacia.Extensions\source\R5T.Dacia.Extensions\R5T.Dacia.Extensions.csproj", "{1AD467ED-48F8-42D1-A6E1-57C2001CBB6E}"
EndProject
Project("{9A19103F-16F7-4668-BE54-9A1E7A4F7556}") = "R5T.Dacia", "..\..\R5T.Dacia\source\R5T.Dacia\R5T.Dacia.csproj", "{B43C946D-FBD1-40CE-9ACC-DCA511F969E9}"
EndProject
Project("{9A19103F-16F7-4668-BE54-9A1E7A4F7556}") = "R5T.Langobard.Extensions", "..\..\R5T.Langobard.Extensions\source\R5T.Langobard.Extensions\R5T.Langobard.Extensions.csproj", "{08474C8F-DB4F-4AE3-A059-87F7FCBECFC9}"
EndProject
Project("{9A19103F-16F7-4668-BE54-9A1E7A4F7556}") = "R5T.Langobard", "..\..\R5T.Langobard\source\R5T.Langobard\R5T.Langobard.csproj", "{6C17A33E-4094-417C-8C5A-4A0FAF838CE5}"
EndProject
Project("{9A19103F-16F7-4668-BE54-9A1E7A4F7556}") = "R5T.Richmond.Abstractions", "..\..\R5T.Richmond.Abstractions\source\R5T.Richmond.Abstractions\R5T.Richmond.Abstractions.csproj", "{3C5CC824-6698-48C9-92B4-F3B66F0B76D1}"
EndProject
Project("{9A19103F-16F7-4668-BE54-9A1E7A4F7556}") = "R5T.Tromso.Types", "..\..\R5T.Tromso.Types\source\R5T.Tromso.Types\R5T.Tromso.Types.csproj", "{DCE58279-1256-467B-861A-69730CB992B6}"
EndProject
Project("{9A19103F-16F7-4668-BE54-9A1E7A4F7556}") = "R5T.Tromso.Abstractions", "..\..\R5T.Tromso.Abstractions\source\R5T.Tromso.Abstractions\R5T.Tromso.Abstractions.csproj", "{CE05D970-3229-41CA-8068-1FEA70B5B90D}"
EndProject
Project("{9A19103F-16F7-4668-BE54-9A1E7A4F7556}") = "R5T.Richmond", "..\..\R5T.Richmond\source\R5T.Richmond\R5T.Richmond.csproj", "{DFE6212C-7AC8-4A67-B843-96304790298C}"
EndProject
Project("{9A19103F-16F7-4668-BE54-9A1E7A4F7556}") = "R5T.Tromso.ServiceProvider", "..\..\R5T.Tromso.ServiceProvider\source\R5T.Tromso.ServiceProvider\R5T.Tromso.ServiceProvider.csproj", "{FD583BCC-5B2D-4333-B406-0DF98F048FC2}"
EndProject
Project("{9A19103F-16F7-4668-BE54-9A1E7A4F7556}") = "R5T.Richmond.Types", "..\..\R5T.Richmond.Types\source\R5T.Richmond.Types\R5T.Richmond.Types.csproj", "{05CB8B01-219F-4E9D-A7CE-A1708CD68069}"
EndProject
Project("{9A19103F-16F7-4668-BE54-9A1E7A4F7556}") = "R5T.Langobard.Console", "..\..\R5T.Langobard\source\R5T.Langobard.Console\R5T.Langobard.Console.csproj", "{8E62D057-AA69-4D6B-97B3-7BA9030B2393}"
EndProject
Project("{9A19103F-16F7-4668-BE54-9A1E7A4F7556}") = "R5T.Magyar", "..\..\R5T.Magyar\source\R5T.Magyar\R5T.Magyar.csproj", "{CF36B716-9639-4428-BEEA-8065834F5A54}"
EndProject
Global
	GlobalSection(NestedProjects) = preSolution
		{07C70F5A-D041-48AE-BB85-20487A3EBCBF} = {77765109-8C15-4ACF-8B24-8B167F6E06F6}
		{71B78EC5-14B2-4486-A25C-1FAA13ECC721} = {77765109-8C15-4ACF-8B24-8B167F6E06F6}
		{74E39C21-1CCA-4621-A529-12A933C49A9F} = {77765109-8C15-4ACF-8B24-8B167F6E06F6}
		{F861CB5A-C6CC-4E86-B478-30072D6CE2E9} = {77765109-8C15-4ACF-8B24-8B167F6E06F6}
		{52E9ADD0-AFA6-4F40-AFAA-6C75D7138CAD} = {77765109-8C15-4ACF-8B24-8B167F6E06F6}
		{5174107E-0C05-48D4-92C3-CFC2453C6917} = {77765109-8C15-4ACF-8B24-8B167F6E06F6}
		{1AD467ED-48F8-42D1-A6E1-57C2001CBB6E} = {77765109-8C15-4ACF-8B24-8B167F6E06F6}
		{B43C946D-FBD1-40CE-9ACC-DCA511F969E9} = {77765109-8C15-4ACF-8B24-8B167F6E06F6}
		{08474C8F-DB4F-4AE3-A059-87F7FCBECFC9} = {77765109-8C15-4ACF-8B24-8B167F6E06F6}
		{6C17A33E-4094-417C-8C5A-4A0FAF838CE5} = {77765109-8C15-4ACF-8B24-8B167F6E06F6}
		{3C5CC824-6698-48C9-92B4-F3B66F0B76D1} = {77765109-8C15-4ACF-8B24-8B167F6E06F6}
		{DCE58279-1256-467B-861A-69730CB992B6} = {77765109-8C15-4ACF-8B24-8B167F6E06F6}
		{CE05D970-3229-41CA-8068-1FEA70B5B90D} = {77765109-8C15-4ACF-8B24-8B167F6E06F6}
		{DFE6212C-7AC8-4A67-B843-96304790298C} = {77765109-8C15-4ACF-8B24-8B167F6E06F6}
		{FD583BCC-5B2D-4333-B406-0DF98F048FC2} = {77765109-8C15-4ACF-8B24-8B167F6E06F6}
		{05CB8B01-219F-4E9D-A7CE-A1708CD68069} = {77765109-8C15-4ACF-8B24-8B167F6E06F6}
		{8E62D057-AA69-4D6B-97B3-7BA9030B2393} = {77765109-8C15-4ACF-8B24-8B167F6E06F6}
		{CF36B716-9639-4428-BEEA-8065834F5A54} = {77765109-8C15-4ACF-8B24-8B167F6E06F6}
	EndGlobalSection
	GlobalSection(SolutionConfigurationPlatforms) = preSolution
		Debug|Any CPU = Debug|Any CPU
		Debug|x64 = Debug|x64
		Debug|x86 = Debug|x86
		Release|Any CPU = Release|Any CPU
		Release|x64 = Release|x64
		Release|x86 = Release|x86
	EndGlobalSection
	GlobalSection(ProjectConfigurationPlatforms) = postSolution
		{2564AEE4-6729-442E-9D90-66548EC362CB}.Debug|Any CPU.ActiveCfg = Debug|Any CPU
		{2564AEE4-6729-442E-9D90-66548EC362CB}.Debug|Any CPU.Build.0 = Debug|Any CPU
		{2564AEE4-6729-442E-9D90-66548EC362CB}.Debug|x64.ActiveCfg = Debug|Any CPU
		{2564AEE4-6729-442E-9D90-66548EC362CB}.Debug|x64.Build.0 = Debug|Any CPU
		{2564AEE4-6729-442E-9D90-66548EC362CB}.Debug|x86.ActiveCfg = Debug|Any CPU
		{2564AEE4-6729-442E-9D90-66548EC362CB}.Debug|x86.Build.0 = Debug|Any CPU
		{2564AEE4-6729-442E-9D90-66548EC362CB}.Release|Any CPU.ActiveCfg = Release|Any CPU
		{2564AEE4-6729-442E-9D90-66548EC362CB}.Release|Any CPU.Build.0 = Release|Any CPU
		{2564AEE4-6729-442E-9D90-66548EC362CB}.Release|x64.ActiveCfg = Release|Any CPU
		{2564AEE4-6729-442E-9D90-66548EC362CB}.Release|x64.Build.0 = Release|Any CPU
		{2564AEE4-6729-442E-9D90-66548EC362CB}.Release|x86.ActiveCfg = Release|Any CPU
		{2564AEE4-6729-442E-9D90-66548EC362CB}.Release|x86.Build.0 = Release|Any CPU
		{07C70F5A-D041-48AE-BB85-20487A3EBCBF}.Debug|Any CPU.ActiveCfg = Debug|Any CPU
		{07C70F5A-D041-48AE-BB85-20487A3EBCBF}.Debug|Any CPU.Build.0 = Debug|Any CPU
		{07C70F5A-D041-48AE-BB85-20487A3EBCBF}.Debug|x64.ActiveCfg = Debug|Any CPU
		{07C70F5A-D041-48AE-BB85-20487A3EBCBF}.Debug|x64.Build.0 = Debug|Any CPU
		{07C70F5A-D041-48AE-BB85-20487A3EBCBF}.Debug|x86.ActiveCfg = Debug|Any CPU
		{07C70F5A-D041-48AE-BB85-20487A3EBCBF}.Debug|x86.Build.0 = Debug|Any CPU
		{07C70F5A-D041-48AE-BB85-20487A3EBCBF}.Release|Any CPU.ActiveCfg = Release|Any CPU
		{07C70F5A-D041-48AE-BB85-20487A3EBCBF}.Release|Any CPU.Build.0 = Release|Any CPU
		{07C70F5A-D041-48AE-BB85-20487A3EBCBF}.Release|x64.ActiveCfg = Release|Any CPU
		{07C70F5A-D041-48AE-BB85-20487A3EBCBF}.Release|x64.Build.0 = Release|Any CPU
		{07C70F5A-D041-48AE-BB85-20487A3EBCBF}.Release|x86.ActiveCfg = Release|Any CPU
		{07C70F5A-D041-48AE-BB85-20487A3EBCBF}.Release|x86.Build.0 = Release|Any CPU
		{71B78EC5-14B2-4486-A25C-1FAA13ECC721}.Debug|Any CPU.ActiveCfg = Debug|Any CPU
		{71B78EC5-14B2-4486-A25C-1FAA13ECC721}.Debug|Any CPU.Build.0 = Debug|Any CPU
		{71B78EC5-14B2-4486-A25C-1FAA13ECC721}.Debug|x64.ActiveCfg = Debug|Any CPU
		{71B78EC5-14B2-4486-A25C-1FAA13ECC721}.Debug|x64.Build.0 = Debug|Any CPU
		{71B78EC5-14B2-4486-A25C-1FAA13ECC721}.Debug|x86.ActiveCfg = Debug|Any CPU
		{71B78EC5-14B2-4486-A25C-1FAA13ECC721}.Debug|x86.Build.0 = Debug|Any CPU
		{71B78EC5-14B2-4486-A25C-1FAA13ECC721}.Release|Any CPU.ActiveCfg = Release|Any CPU
		{71B78EC5-14B2-4486-A25C-1FAA13ECC721}.Release|Any CPU.Build.0 = Release|Any CPU
		{71B78EC5-14B2-4486-A25C-1FAA13ECC721}.Release|x64.ActiveCfg = Release|Any CPU
		{71B78EC5-14B2-4486-A25C-1FAA13ECC721}.Release|x64.Build.0 = Release|Any CPU
		{71B78EC5-14B2-4486-A25C-1FAA13ECC721}.Release|x86.ActiveCfg = Release|Any CPU
		{71B78EC5-14B2-4486-A25C-1FAA13ECC721}.Release|x86.Build.0 = Release|Any CPU
		{74E39C21-1CCA-4621-A529-12A933C49A9F}.Debug|Any CPU.ActiveCfg = Debug|Any CPU
		{74E39C21-1CCA-4621-A529-12A933C49A9F}.Debug|Any CPU.Build.0 = Debug|Any CPU
		{74E39C21-1CCA-4621-A529-12A933C49A9F}.Debug|x64.ActiveCfg = Debug|Any CPU
		{74E39C21-1CCA-4621-A529-12A933C49A9F}.Debug|x64.Build.0 = Debug|Any CPU
		{74E39C21-1CCA-4621-A529-12A933C49A9F}.Debug|x86.ActiveCfg = Debug|Any CPU
		{74E39C21-1CCA-4621-A529-12A933C49A9F}.Debug|x86.Build.0 = Debug|Any CPU
		{74E39C21-1CCA-4621-A529-12A933C49A9F}.Release|Any CPU.ActiveCfg = Release|Any CPU
		{74E39C21-1CCA-4621-A529-12A933C49A9F}.Release|Any CPU.Build.0 = Release|Any CPU
		{74E39C21-1CCA-4621-A529-12A933C49A9F}.Release|x64.ActiveCfg = Release|Any CPU
		{74E39C21-1CCA-4621-A529-12A933C49A9F}.Release|x64.Build.0 = Release|Any CPU
		{74E39C21-1CCA-4621-A529-12A933C49A9F}.Release|x86.ActiveCfg = Release|Any CPU
		{74E39C21-1CCA-4621-A529-12A933C49A9F}.Release|x86.Build.0 = Release|Any CPU
		{F861CB5A-C6CC-4E86-B478-30072D6CE2E9}.Debug|Any CPU.ActiveCfg = Debug|Any CPU
		{F861CB5A-C6CC-4E86-B478-30072D6CE2E9}.Debug|Any CPU.Build.0 = Debug|Any CPU
		{F861CB5A-C6CC-4E86-B478-30072D6CE2E9}.Debug|x64.ActiveCfg = Debug|Any CPU
		{F861CB5A-C6CC-4E86-B478-30072D6CE2E9}.Debug|x64.Build.0 = Debug|Any CPU
		{F861CB5A-C6CC-4E86-B478-30072D6CE2E9}.Debug|x86.ActiveCfg = Debug|Any CPU
		{F861CB5A-C6CC-4E86-B478-30072D6CE2E9}.Debug|x86.Build.0 = Debug|Any CPU
		{F861CB5A-C6CC-4E86-B478-30072D6CE2E9}.Release|Any CPU.ActiveCfg = Release|Any CPU
		{F861CB5A-C6CC-4E86-B478-30072D6CE2E9}.Release|Any CPU.Build.0 = Release|Any CPU
		{F861CB5A-C6CC-4E86-B478-30072D6CE2E9}.Release|x64.ActiveCfg = Release|Any CPU
		{F861CB5A-C6CC-4E86-B478-30072D6CE2E9}.Release|x64.Build.0 = Release|Any CPU
		{F861CB5A-C6CC-4E86-B478-30072D6CE2E9}.Release|x86.ActiveCfg = Release|Any CPU
		{F861CB5A-C6CC-4E86-B478-30072D6CE2E9}.Release|x86.Build.0 = Release|Any CPU
		{52E9ADD0-AFA6-4F40-AFAA-6C75D7138CAD}.Debug|Any CPU.ActiveCfg = Debug|Any CPU
		{52E9ADD0-AFA6-4F40-AFAA-6C75D7138CAD}.Debug|Any CPU.Build.0 = Debug|Any CPU
		{52E9ADD0-AFA6-4F40-AFAA-6C75D7138CAD}.Debug|x64.ActiveCfg = Debug|Any CPU
		{52E9ADD0-AFA6-4F40-AFAA-6C75D7138CAD}.Debug|x64.Build.0 = Debug|Any CPU
		{52E9ADD0-AFA6-4F40-AFAA-6C75D7138CAD}.Debug|x86.ActiveCfg = Debug|Any CPU
		{52E9ADD0-AFA6-4F40-AFAA-6C75D7138CAD}.Debug|x86.Build.0 = Debug|Any CPU
		{52E9ADD0-AFA6-4F40-AFAA-6C75D7138CAD}.Release|Any CPU.ActiveCfg = Release|Any CPU
		{52E9ADD0-AFA6-4F40-AFAA-6C75D7138CAD}.Release|Any CPU.Build.0 = Release|Any CPU
		{52E9ADD0-AFA6-4F40-AFAA-6C75D7138CAD}.Release|x64.ActiveCfg = Release|Any CPU
		{52E9ADD0-AFA6-4F40-AFAA-6C75D7138CAD}.Release|x64.Build.0 = Release|Any CPU
		{52E9ADD0-AFA6-4F40-AFAA-6C75D7138CAD}.Release|x86.ActiveCfg = Release|Any CPU
		{52E9ADD0-AFA6-4F40-AFAA-6C75D7138CAD}.Release|x86.Build.0 = Release|Any CPU
		{5174107E-0C05-48D4-92C3-CFC2453C6917}.Debug|Any CPU.ActiveCfg = Debug|Any CPU
		{5174107E-0C05-48D4-92C3-CFC2453C6917}.Debug|Any CPU.Build.0 = Debug|Any CPU
		{5174107E-0C05-48D4-92C3-CFC2453C6917}.Debug|x64.ActiveCfg = Debug|Any CPU
		{5174107E-0C05-48D4-92C3-CFC2453C6917}.Debug|x64.Build.0 = Debug|Any CPU
		{5174107E-0C05-48D4-92C3-CFC2453C6917}.Debug|x86.ActiveCfg = Debug|Any CPU
		{5174107E-0C05-48D4-92C3-CFC2453C6917}.Debug|x86.Build.0 = Debug|Any CPU
		{5174107E-0C05-48D4-92C3-CFC2453C6917}.Release|Any CPU.ActiveCfg = Release|Any CPU
		{5174107E-0C05-48D4-92C3-CFC2453C6917}.Release|Any CPU.Build.0 = Release|Any CPU
		{5174107E-0C05-48D4-92C3-CFC2453C6917}.Release|x64.ActiveCfg = Release|Any CPU
		{5174107E-0C05-48D4-92C3-CFC2453C6917}.Release|x64.Build.0 = Release|Any CPU
		{5174107E-0C05-48D4-92C3-CFC2453C6917}.Release|x86.ActiveCfg = Release|Any CPU
		{5174107E-0C05-48D4-92C3-CFC2453C6917}.Release|x86.Build.0 = Release|Any CPU
		{1AD467ED-48F8-42D1-A6E1-57C2001CBB6E}.Debug|Any CPU.ActiveCfg = Debug|Any CPU
		{1AD467ED-48F8-42D1-A6E1-57C2001CBB6E}.Debug|Any CPU.Build.0 = Debug|Any CPU
		{1AD467ED-48F8-42D1-A6E1-57C2001CBB6E}.Debug|x64.ActiveCfg = Debug|Any CPU
		{1AD467ED-48F8-42D1-A6E1-57C2001CBB6E}.Debug|x64.Build.0 = Debug|Any CPU
		{1AD467ED-48F8-42D1-A6E1-57C2001CBB6E}.Debug|x86.ActiveCfg = Debug|Any CPU
		{1AD467ED-48F8-42D1-A6E1-57C2001CBB6E}.Debug|x86.Build.0 = Debug|Any CPU
		{1AD467ED-48F8-42D1-A6E1-57C2001CBB6E}.Release|Any CPU.ActiveCfg = Release|Any CPU
		{1AD467ED-48F8-42D1-A6E1-57C2001CBB6E}.Release|Any CPU.Build.0 = Release|Any CPU
		{1AD467ED-48F8-42D1-A6E1-57C2001CBB6E}.Release|x64.ActiveCfg = Release|Any CPU
		{1AD467ED-48F8-42D1-A6E1-57C2001CBB6E}.Release|x64.Build.0 = Release|Any CPU
		{1AD467ED-48F8-42D1-A6E1-57C2001CBB6E}.Release|x86.ActiveCfg = Release|Any CPU
		{1AD467ED-48F8-42D1-A6E1-57C2001CBB6E}.Release|x86.Build.0 = Release|Any CPU
		{B43C946D-FBD1-40CE-9ACC-DCA511F969E9}.Debug|Any CPU.ActiveCfg = Debug|Any CPU
		{B43C946D-FBD1-40CE-9ACC-DCA511F969E9}.Debug|Any CPU.Build.0 = Debug|Any CPU
		{B43C946D-FBD1-40CE-9ACC-DCA511F969E9}.Debug|x64.ActiveCfg = Debug|Any CPU
		{B43C946D-FBD1-40CE-9ACC-DCA511F969E9}.Debug|x64.Build.0 = Debug|Any CPU
		{B43C946D-FBD1-40CE-9ACC-DCA511F969E9}.Debug|x86.ActiveCfg = Debug|Any CPU
		{B43C946D-FBD1-40CE-9ACC-DCA511F969E9}.Debug|x86.Build.0 = Debug|Any CPU
		{B43C946D-FBD1-40CE-9ACC-DCA511F969E9}.Release|Any CPU.ActiveCfg = Release|Any CPU
		{B43C946D-FBD1-40CE-9ACC-DCA511F969E9}.Release|Any CPU.Build.0 = Release|Any CPU
		{B43C946D-FBD1-40CE-9ACC-DCA511F969E9}.Release|x64.ActiveCfg = Release|Any CPU
		{B43C946D-FBD1-40CE-9ACC-DCA511F969E9}.Release|x64.Build.0 = Release|Any CPU
		{B43C946D-FBD1-40CE-9ACC-DCA511F969E9}.Release|x86.ActiveCfg = Release|Any CPU
		{B43C946D-FBD1-40CE-9ACC-DCA511F969E9}.Release|x86.Build.0 = Release|Any CPU
		{08474C8F-DB4F-4AE3-A059-87F7FCBECFC9}.Debug|Any CPU.ActiveCfg = Debug|Any CPU
		{08474C8F-DB4F-4AE3-A059-87F7FCBECFC9}.Debug|Any CPU.Build.0 = Debug|Any CPU
		{08474C8F-DB4F-4AE3-A059-87F7FCBECFC9}.Debug|x64.ActiveCfg = Debug|Any CPU
		{08474C8F-DB4F-4AE3-A059-87F7FCBECFC9}.Debug|x64.Build.0 = Debug|Any CPU
		{08474C8F-DB4F-4AE3-A059-87F7FCBECFC9}.Debug|x86.ActiveCfg = Debug|Any CPU
		{08474C8F-DB4F-4AE3-A059-87F7FCBECFC9}.Debug|x86.Build.0 = Debug|Any CPU
		{08474C8F-DB4F-4AE3-A059-87F7FCBECFC9}.Release|Any CPU.ActiveCfg = Release|Any CPU
		{08474C8F-DB4F-4AE3-A059-87F7FCBECFC9}.Release|Any CPU.Build.0 = Release|Any CPU
		{08474C8F-DB4F-4AE3-A059-87F7FCBECFC9}.Release|x64.ActiveCfg = Release|Any CPU
		{08474C8F-DB4F-4AE3-A059-87F7FCBECFC9}.Release|x64.Build.0 = Release|Any CPU
		{08474C8F-DB4F-4AE3-A059-87F7FCBECFC9}.Release|x86.ActiveCfg = Release|Any CPU
		{08474C8F-DB4F-4AE3-A059-87F7FCBECFC9}.Release|x86.Build.0 = Release|Any CPU
		{6C17A33E-4094-417C-8C5A-4A0FAF838CE5}.Debug|Any CPU.ActiveCfg = Debug|Any CPU
		{6C17A33E-4094-417C-8C5A-4A0FAF838CE5}.Debug|Any CPU.Build.0 = Debug|Any CPU
		{6C17A33E-4094-417C-8C5A-4A0FAF838CE5}.Debug|x64.ActiveCfg = Debug|Any CPU
		{6C17A33E-4094-417C-8C5A-4A0FAF838CE5}.Debug|x64.Build.0 = Debug|Any CPU
		{6C17A33E-4094-417C-8C5A-4A0FAF838CE5}.Debug|x86.ActiveCfg = Debug|Any CPU
		{6C17A33E-4094-417C-8C5A-4A0FAF838CE5}.Debug|x86.Build.0 = Debug|Any CPU
		{6C17A33E-4094-417C-8C5A-4A0FAF838CE5}.Release|Any CPU.ActiveCfg = Release|Any CPU
		{6C17A33E-4094-417C-8C5A-4A0FAF838CE5}.Release|Any CPU.Build.0 = Release|Any CPU
		{6C17A33E-4094-417C-8C5A-4A0FAF838CE5}.Release|x64.ActiveCfg = Release|Any CPU
		{6C17A33E-4094-417C-8C5A-4A0FAF838CE5}.Release|x64.Build.0 = Release|Any CPU
		{6C17A33E-4094-417C-8C5A-4A0FAF838CE5}.Release|x86.ActiveCfg = Release|Any CPU
		{6C17A33E-4094-417C-8C5A-4A0FAF838CE5}.Release|x86.Build.0 = Release|Any CPU
		{3C5CC824-6698-48C9-92B4-F3B66F0B76D1}.Debug|Any CPU.ActiveCfg = Debug|Any CPU
		{3C5CC824-6698-48C9-92B4-F3B66F0B76D1}.Debug|Any CPU.Build.0 = Debug|Any CPU
		{3C5CC824-6698-48C9-92B4-F3B66F0B76D1}.Debug|x64.ActiveCfg = Debug|Any CPU
		{3C5CC824-6698-48C9-92B4-F3B66F0B76D1}.Debug|x64.Build.0 = Debug|Any CPU
		{3C5CC824-6698-48C9-92B4-F3B66F0B76D1}.Debug|x86.ActiveCfg = Debug|Any CPU
		{3C5CC824-6698-48C9-92B4-F3B66F0B76D1}.Debug|x86.Build.0 = Debug|Any CPU
		{3C5CC824-6698-48C9-92B4-F3B66F0B76D1}.Release|Any CPU.ActiveCfg = Release|Any CPU
		{3C5CC824-6698-48C9-92B4-F3B66F0B76D1}.Release|Any CPU.Build.0 = Release|Any CPU
		{3C5CC824-6698-48C9-92B4-F3B66F0B76D1}.Release|x64.ActiveCfg = Release|Any CPU
		{3C5CC824-6698-48C9-92B4-F3B66F0B76D1}.Release|x64.Build.0 = Release|Any CPU
		{3C5CC824-6698-48C9-92B4-F3B66F0B76D1}.Release|x86.ActiveCfg = Release|Any CPU
		{3C5CC824-6698-48C9-92B4-F3B66F0B76D1}.Release|x86.Build.0 = Release|Any CPU
		{DCE58279-1256-467B-861A-69730CB992B6}.Debug|Any CPU.ActiveCfg = Debug|Any CPU
		{DCE58279-1256-467B-861A-69730CB992B6}.Debug|Any CPU.Build.0 = Debug|Any CPU
		{DCE58279-1256-467B-861A-69730CB992B6}.Debug|x64.ActiveCfg = Debug|Any CPU
		{DCE58279-1256-467B-861A-69730CB992B6}.Debug|x64.Build.0 = Debug|Any CPU
		{DCE58279-1256-467B-861A-69730CB992B6}.Debug|x86.ActiveCfg = Debug|Any CPU
		{DCE58279-1256-467B-861A-69730CB992B6}.Debug|x86.Build.0 = Debug|Any CPU
		{DCE58279-1256-467B-861A-69730CB992B6}.Release|Any CPU.ActiveCfg = Release|Any CPU
		{DCE58279-1256-467B-861A-69730CB992B6}.Release|Any CPU.Build.0 = Release|Any CPU
		{DCE58279-1256-467B-861A-69730CB992B6}.Release|x64.ActiveCfg = Release|Any CPU
		{DCE58279-1256-467B-861A-69730CB992B6}.Release|x64.Build.0 = Release|Any CPU
		{DCE58279-1256-467B-861A-69730CB992B6}.Release|x86.ActiveCfg = Release|Any CPU
		{DCE58279-1256-467B-861A-69730CB992B6}.Release|x86.Build.0 = Release|Any CPU
		{CE05D970-3229-41CA-8068-1FEA70B5B90D}.Debug|Any CPU.ActiveCfg = Debug|Any CPU
		{CE05D970-3229-41CA-8068-1FEA70B5B90D}.Debug|Any CPU.Build.0 = Debug|Any CPU
		{CE05D970-3229-41CA-8068-1FEA70B5B90D}.Debug|x64.ActiveCfg = Debug|Any CPU
		{CE05D970-3229-41CA-8068-1FEA70B5B90D}.Debug|x64.Build.0 = Debug|Any CPU
		{CE05D970-3229-41CA-8068-1FEA70B5B90D}.Debug|x86.ActiveCfg = Debug|Any CPU
		{CE05D970-3229-41CA-8068-1FEA70B5B90D}.Debug|x86.Build.0 = Debug|Any CPU
		{CE05D970-3229-41CA-8068-1FEA70B5B90D}.Release|Any CPU.ActiveCfg = Release|Any CPU
		{CE05D970-3229-41CA-8068-1FEA70B5B90D}.Release|Any CPU.Build.0 = Release|Any CPU
		{CE05D970-3229-41CA-8068-1FEA70B5B90D}.Release|x64.ActiveCfg = Release|Any CPU
		{CE05D970-3229-41CA-8068-1FEA70B5B90D}.Release|x64.Build.0 = Release|Any CPU
		{CE05D970-3229-41CA-8068-1FEA70B5B90D}.Release|x86.ActiveCfg = Release|Any CPU
		{CE05D970-3229-41CA-8068-1FEA70B5B90D}.Release|x86.Build.0 = Release|Any CPU
		{DFE6212C-7AC8-4A67-B843-96304790298C}.Debug|Any CPU.ActiveCfg = Debug|Any CPU
		{DFE6212C-7AC8-4A67-B843-96304790298C}.Debug|Any CPU.Build.0 = Debug|Any CPU
		{DFE6212C-7AC8-4A67-B843-96304790298C}.Debug|x64.ActiveCfg = Debug|Any CPU
		{DFE6212C-7AC8-4A67-B843-96304790298C}.Debug|x64.Build.0 = Debug|Any CPU
		{DFE6212C-7AC8-4A67-B843-96304790298C}.Debug|x86.ActiveCfg = Debug|Any CPU
		{DFE6212C-7AC8-4A67-B843-96304790298C}.Debug|x86.Build.0 = Debug|Any CPU
		{DFE6212C-7AC8-4A67-B843-96304790298C}.Release|Any CPU.ActiveCfg = Release|Any CPU
		{DFE6212C-7AC8-4A67-B843-96304790298C}.Release|Any CPU.Build.0 = Release|Any CPU
		{DFE6212C-7AC8-4A67-B843-96304790298C}.Release|x64.ActiveCfg = Release|Any CPU
		{DFE6212C-7AC8-4A67-B843-96304790298C}.Release|x64.Build.0 = Release|Any CPU
		{DFE6212C-7AC8-4A67-B843-96304790298C}.Release|x86.ActiveCfg = Release|Any CPU
		{DFE6212C-7AC8-4A67-B843-96304790298C}.Release|x86.Build.0 = Release|Any CPU
		{FD583BCC-5B2D-4333-B406-0DF98F048FC2}.Debug|Any CPU.ActiveCfg = Debug|Any CPU
		{FD583BCC-5B2D-4333-B406-0DF98F048FC2}.Debug|Any CPU.Build.0 = Debug|Any CPU
		{FD583BCC-5B2D-4333-B406-0DF98F048FC2}.Debug|x64.ActiveCfg = Debug|Any CPU
		{FD583BCC-5B2D-4333-B406-0DF98F048FC2}.Debug|x64.Build.0 = Debug|Any CPU
		{FD583BCC-5B2D-4333-B406-0DF98F048FC2}.Debug|x86.ActiveCfg = Debug|Any CPU
		{FD583BCC-5B2D-4333-B406-0DF98F048FC2}.Debug|x86.Build.0 = Debug|Any CPU
		{FD583BCC-5B2D-4333-B406-0DF98F048FC2}.Release|Any CPU.ActiveCfg = Release|Any CPU
		{FD583BCC-5B2D-4333-B406-0DF98F048FC2}.Release|Any CPU.Build.0 = Release|Any CPU
		{FD583BCC-5B2D-4333-B406-0DF98F048FC2}.Release|x64.ActiveCfg = Release|Any CPU
		{FD583BCC-5B2D-4333-B406-0DF98F048FC2}.Release|x64.Build.0 = Release|Any CPU
		{FD583BCC-5B2D-4333-B406-0DF98F048FC2}.Release|x86.ActiveCfg = Release|Any CPU
		{FD583BCC-5B2D-4333-B406-0DF98F048FC2}.Release|x86.Build.0 = Release|Any CPU
		{05CB8B01-219F-4E9D-A7CE-A1708CD68069}.Debug|Any CPU.ActiveCfg = Debug|Any CPU
		{05CB8B01-219F-4E9D-A7CE-A1708CD68069}.Debug|Any CPU.Build.0 = Debug|Any CPU
		{05CB8B01-219F-4E9D-A7CE-A1708CD68069}.Debug|x64.ActiveCfg = Debug|Any CPU
		{05CB8B01-219F-4E9D-A7CE-A1708CD68069}.Debug|x64.Build.0 = Debug|Any CPU
		{05CB8B01-219F-4E9D-A7CE-A1708CD68069}.Debug|x86.ActiveCfg = Debug|Any CPU
		{05CB8B01-219F-4E9D-A7CE-A1708CD68069}.Debug|x86.Build.0 = Debug|Any CPU
		{05CB8B01-219F-4E9D-A7CE-A1708CD68069}.Release|Any CPU.ActiveCfg = Release|Any CPU
		{05CB8B01-219F-4E9D-A7CE-A1708CD68069}.Release|Any CPU.Build.0 = Release|Any CPU
		{05CB8B01-219F-4E9D-A7CE-A1708CD68069}.Release|x64.ActiveCfg = Release|Any CPU
		{05CB8B01-219F-4E9D-A7CE-A1708CD68069}.Release|x64.Build.0 = Release|Any CPU
		{05CB8B01-219F-4E9D-A7CE-A1708CD68069}.Release|x86.ActiveCfg = Release|Any CPU
		{05CB8B01-219F-4E9D-A7CE-A1708CD68069}.Release|x86.Build.0 = Release|Any CPU
		{8E62D057-AA69-4D6B-97B3-7BA9030B2393}.Debug|Any CPU.ActiveCfg = Debug|Any CPU
		{8E62D057-AA69-4D6B-97B3-7BA9030B2393}.Debug|Any CPU.Build.0 = Debug|Any CPU
		{8E62D057-AA69-4D6B-97B3-7BA9030B2393}.Debug|x64.ActiveCfg = Debug|Any CPU
		{8E62D057-AA69-4D6B-97B3-7BA9030B2393}.Debug|x64.Build.0 = Debug|Any CPU
		{8E62D057-AA69-4D6B-97B3-7BA9030B2393}.Debug|x86.ActiveCfg = Debug|Any CPU
		{8E62D057-AA69-4D6B-97B3-7BA9030B2393}.Debug|x86.Build.0 = Debug|Any CPU
		{8E62D057-AA69-4D6B-97B3-7BA9030B2393}.Release|Any CPU.ActiveCfg = Release|Any CPU
		{8E62D057-AA69-4D6B-97B3-7BA9030B2393}.Release|Any CPU.Build.0 = Release|Any CPU
		{8E62D057-AA69-4D6B-97B3-7BA9030B2393}.Release|x64.ActiveCfg = Release|Any CPU
		{8E62D057-AA69-4D6B-97B3-7BA9030B2393}.Release|x64.Build.0 = Release|Any CPU
		{8E62D057-AA69-4D6B-97B3-7BA9030B2393}.Release|x86.ActiveCfg = Release|Any CPU
		{8E62D057-AA69-4D6B-97B3-7BA9030B2393}.Release|x86.Build.0 = Release|Any CPU
		{CF36B716-9639-4428-BEEA-8065834F5A54}.Debug|Any CPU.ActiveCfg = Debug|Any CPU
		{CF36B716-9639-4428-BEEA-8065834F5A54}.Debug|Any CPU.Build.0 = Debug|Any CPU
		{CF36B716-9639-4428-BEEA-8065834F5A54}.Debug|x64.ActiveCfg = Debug|Any CPU
		{CF36B716-9639-4428-BEEA-8065834F5A54}.Debug|x64.Build.0 = Debug|Any CPU
		{CF36B716-9639-4428-BEEA-8065834F5A54}.Debug|x86.ActiveCfg = Debug|Any CPU
		{CF36B716-9639-4428-BEEA-8065834F5A54}.Debug|x86.Build.0 = Debug|Any CPU
		{CF36B716-9639-4428-BEEA-8065834F5A54}.Release|Any CPU.ActiveCfg = Release|Any CPU
		{CF36B716-9639-4428-BEEA-8065834F5A54}.Release|Any CPU.Build.0 = Release|Any CPU
		{CF36B716-9639-4428-BEEA-8065834F5A54}.Release|x64.ActiveCfg = Release|Any CPU
		{CF36B716-9639-4428-BEEA-8065834F5A54}.Release|x64.Build.0 = Release|Any CPU
		{CF36B716-9639-4428-BEEA-8065834F5A54}.Release|x86.ActiveCfg = Release|Any CPU
		{CF36B716-9639-4428-BEEA-8065834F5A54}.Release|x86.Build.0 = Release|Any CPU
	EndGlobalSection
	GlobalSection(SolutionProperties) = preSolution
		HideSolutionNode = FALSE
	EndGlobalSection
	GlobalSection(ExtensibilityGlobals) = postSolution
		SolutionGuid = {E5E9B0A8-7B4E-40E2-8DB4-8C4C828BFCAF}
	EndGlobalSection
EndGlobal
